
Microsoft Visual Studio Solution File, Format Version 12.00
# Visual Studio Version 17
VisualStudioVersion = 17.9.34622.214
MinimumVisualStudioVersion = 10.0.40219.1
Project("{FAE04EC0-301F-11D3-BF4B-00C04F79EFBC}") = "Tests", "Tests\Tests.csproj", "{059F94C3-36EA-41EF-B8DD-32A5357AC5F6}"
EndProject
Project("{FAE04EC0-301F-11D3-BF4B-00C04F79EFBC}") = "PBKDF2Tools", "PBKDF2Tools\PBKDF2Tools.csproj", "{BBB7FE91-C37C-44EC-90C1-7D19219A58B1}"
EndProject
Global
	GlobalSection(SolutionConfigurationPlatforms) = preSolution
		Debug|Any CPU = Debug|Any CPU
		Release|Any CPU = Release|Any CPU
	EndGlobalSection
	GlobalSection(ProjectConfigurationPlatforms) = postSolution
		{059F94C3-36EA-41EF-B8DD-32A5357AC5F6}.Debug|Any CPU.ActiveCfg = Debug|Any CPU
		{059F94C3-36EA-41EF-B8DD-32A5357AC5F6}.Debug|Any CPU.Build.0 = Debug|Any CPU
		{059F94C3-36EA-41EF-B8DD-32A5357AC5F6}.Release|Any CPU.ActiveCfg = Release|Any CPU
		{059F94C3-36EA-41EF-B8DD-32A5357AC5F6}.Release|Any CPU.Build.0 = Release|Any CPU
		{BBB7FE91-C37C-44EC-90C1-7D19219A58B1}.Debug|Any CPU.ActiveCfg = Debug|Any CPU
		{BBB7FE91-C37C-44EC-90C1-7D19219A58B1}.Debug|Any CPU.Build.0 = Debug|Any CPU
		{BBB7FE91-C37C-44EC-90C1-7D19219A58B1}.Release|Any CPU.ActiveCfg = Release|Any CPU
		{BBB7FE91-C37C-44EC-90C1-7D19219A58B1}.Release|Any CPU.Build.0 = Release|Any CPU
	EndGlobalSection
	GlobalSection(SolutionProperties) = preSolution
		HideSolutionNode = FALSE
	EndGlobalSection
	GlobalSection(ExtensibilityGlobals) = postSolution
		SolutionGuid = {1F3AA994-4DF7-48B8-95C0-38790D0D581A}
	EndGlobalSection
EndGlobal
